
Microsoft Visual Studio Solution File, Format Version 12.00
# Visual Studio Version 17
VisualStudioVersion = 17.6.33829.357
MinimumVisualStudioVersion = 10.0.40219.1
Project("{FAE04EC0-301F-11D3-BF4B-00C04F79EFBC}") = "GreeetingApp", "GreeetingApp\GreeetingApp.csproj", "{87715931-539E-4E1E-B0E1-8BC4080E3341}"
EndProject
Global
	GlobalSection(SolutionConfigurationPlatforms) = preSolution
		Debug|Any CPU = Debug|Any CPU
		Release|Any CPU = Release|Any CPU
	EndGlobalSection
	GlobalSection(ProjectConfigurationPlatforms) = postSolution
		{87715931-539E-4E1E-B0E1-8BC4080E3341}.Debug|Any CPU.ActiveCfg = Debug|Any CPU
		{87715931-539E-4E1E-B0E1-8BC4080E3341}.Debug|Any CPU.Build.0 = Debug|Any CPU
		{87715931-539E-4E1E-B0E1-8BC4080E3341}.Release|Any CPU.ActiveCfg = Release|Any CPU
		{87715931-539E-4E1E-B0E1-8BC4080E3341}.Release|Any CPU.Build.0 = Release|Any CPU
	EndGlobalSection
	GlobalSection(SolutionProperties) = preSolution
		HideSolutionNode = FALSE
	EndGlobalSection
	GlobalSection(ExtensibilityGlobals) = postSolution
		SolutionGuid = {0EB10E12-2FC8-4C63-A018-513EF109D8F9}
	EndGlobalSection
EndGlobal
